
Microsoft Visual Studio Solution File, Format Version 12.00
# Visual Studio Version 17
VisualStudioVersion = 17.7.34202.233
MinimumVisualStudioVersion = 10.0.40219.1
Project("{FAE04EC0-301F-11D3-BF4B-00C04F79EFBC}") = "backend", "backend\backend.csproj", "{D86D22AD-B623-4A5B-A699-7EF93891B92F}"
EndProject
Global
	GlobalSection(SolutionConfigurationPlatforms) = preSolution
		Debug|Any CPU = Debug|Any CPU
		Release|Any CPU = Release|Any CPU
	EndGlobalSection
	GlobalSection(ProjectConfigurationPlatforms) = postSolution
		{D86D22AD-B623-4A5B-A699-7EF93891B92F}.Debug|Any CPU.ActiveCfg = Debug|Any CPU
		{D86D22AD-B623-4A5B-A699-7EF93891B92F}.Debug|Any CPU.Build.0 = Debug|Any CPU
		{D86D22AD-B623-4A5B-A699-7EF93891B92F}.Release|Any CPU.ActiveCfg = Release|Any CPU
		{D86D22AD-B623-4A5B-A699-7EF93891B92F}.Release|Any CPU.Build.0 = Release|Any CPU
	EndGlobalSection
	GlobalSection(SolutionProperties) = preSolution
		HideSolutionNode = FALSE
	EndGlobalSection
	GlobalSection(ExtensibilityGlobals) = postSolution
		SolutionGuid = {D25F5B5F-D3FB-4E1A-9408-7A5E8FF35BCC}
	EndGlobalSection
EndGlobal
